# THIS IS AN AUTOGENERATED FILE. DO NOT EDIT THIS FILE DIRECTLY.
# yarn lockfile v1


leaflet-canvas-custom-class@^0.0.0:
  version "0.0.0"
  resolved "https://registry.npmjs.org/leaflet-canvas-custom-class/-/leaflet-canvas-custom-class-0.0.0.tgz#e643770310b588c2c78837edaa500e1aecfd324c"
  integrity sha512-XlWosPE2vpjnEihxFSMUIFWHd0JRPP1cPu0nguoUxDxkPQf/pe8g5OWgoX2wjm1lF7SIFh01ry66d6TceRFIoA==

leaflet@^1.7.1:
  version "1.7.1"
  resolved "https://registry.npmjs.org/leaflet/-/leaflet-1.7.1.tgz#10d684916edfe1bf41d688a3b97127c0322a2a19"
  integrity sha512-/xwPEBidtg69Q3HlqPdU3DnrXQOvQU/CCHA1tcDQVzOwm91YMYaILjNp7L4Eaw5Z4sOYdbBz6koWyibppd8Zqw==

lodash@^4.17.21:
  version "4.17.21"
  resolved "https://registry.npmjs.org/lodash/-/lodash-4.17.21.tgz#679591c564c3bffaae8454cf0b3df370c3d6911c"
  integrity sha512-v2kDEe57lecTulaDIuNTPy3Ry4gLGJ6Z1O3vE1krgXZNrsQ+LFTGHVxVjcXPs17LhbZVGedAJv8XZ1tvj5FvSg==
